
Microsoft Visual Studio Solution File, Format Version 12.00
# Visual Studio Version 17
VisualStudioVersion = 17.4.33205.214
MinimumVisualStudioVersion = 10.0.40219.1
Project("{FAE04EC0-301F-11D3-BF4B-00C04F79EFBC}") = "Picasso's Place", "Picasso's Place\Picasso's Place.csproj", "{0D44E9B4-E613-487D-83E0-ADB439CE08CA}"
EndProject
Global
	GlobalSection(SolutionConfigurationPlatforms) = preSolution
		Debug|Any CPU = Debug|Any CPU
		Release|Any CPU = Release|Any CPU
	EndGlobalSection
	GlobalSection(ProjectConfigurationPlatforms) = postSolution
		{0D44E9B4-E613-487D-83E0-ADB439CE08CA}.Debug|Any CPU.ActiveCfg = Debug|Any CPU
		{0D44E9B4-E613-487D-83E0-ADB439CE08CA}.Debug|Any CPU.Build.0 = Debug|Any CPU
		{0D44E9B4-E613-487D-83E0-ADB439CE08CA}.Release|Any CPU.ActiveCfg = Release|Any CPU
		{0D44E9B4-E613-487D-83E0-ADB439CE08CA}.Release|Any CPU.Build.0 = Release|Any CPU
	EndGlobalSection
	GlobalSection(SolutionProperties) = preSolution
		HideSolutionNode = FALSE
	EndGlobalSection
	GlobalSection(ExtensibilityGlobals) = postSolution
		SolutionGuid = {BCC36755-9FB3-474E-97EC-69C7A357494B}
	EndGlobalSection
EndGlobal
